
Microsoft Visual Studio Solution File, Format Version 12.00
# Visual Studio 15
VisualStudioVersion = 15.0.27130.0
MinimumVisualStudioVersion = 10.0.40219.1
Project("{2150E333-8FDC-42A3-9474-1A3956D46DE8}") = "01. Other Layer", "01. Other Layer", "{A70EBAB2-FCB5-491F-822F-76AB632B4F0C}"
EndProject
Project("{2150E333-8FDC-42A3-9474-1A3956D46DE8}") = "05. Hosting Layer", "05. Hosting Layer", "{EE4204D4-7992-4554-A53B-5FD4DF1B21FB}"
EndProject
Project("{2150E333-8FDC-42A3-9474-1A3956D46DE8}") = "06. Testing Layer", "06. Testing Layer", "{BF09DAC3-424A-4EAA-AD60-564DE7F16D31}"
EndProject
Project("{2150E333-8FDC-42A3-9474-1A3956D46DE8}") = "01. Unit Tests", "01. Unit Tests", "{363460AB-4201-4E2A-9DF8-8339143C90CA}"
EndProject
Project("{2150E333-8FDC-42A3-9474-1A3956D46DE8}") = "02. Integration Tests", "02. Integration Tests", "{EFE51CB2-A176-4724-8614-25C3E7DBCFA5}"
EndProject
Project("{2150E333-8FDC-42A3-9474-1A3956D46DE8}") = "04. Client Layer", "04. Client Layer", "{417FC282-063E-42B9-92FB-72D45BCE68FF}"
EndProject
Project("{2150E333-8FDC-42A3-9474-1A3956D46DE8}") = "02. Core Layer", "02. Core Layer", "{1ECE86CB-47E8-4B83-9FC8-54A314079233}"
EndProject
Project("{2150E333-8FDC-42A3-9474-1A3956D46DE8}") = "03. SimpleIdServer", "03. SimpleIdServer", "{21AF6C2D-853A-45FB-B27D-0BCD22501EDC}"
EndProject
Project("{2150E333-8FDC-42A3-9474-1A3956D46DE8}") = "04. Other", "04. Other", "{B4982F71-71E5-4846-838E-AA1D8AD2ADFE}"
EndProject
Project("{9A19103F-16F7-4668-BE54-9A1E7A4F7556}") = "SimpleIdServer.Client", "src\Apis\SimpleIdServer\SimpleIdServer.Client\SimpleIdServer.Client.csproj", "{B706DF0E-8DBB-44CE-AE5C-3BAA9C652365}"
EndProject
Project("{9A19103F-16F7-4668-BE54-9A1E7A4F7556}") = "SimpleIdServer.Core", "src\Apis\SimpleIdServer\SimpleIdServer.Core\SimpleIdServer.Core.csproj", "{4C392F7B-533B-4F8F-BCAA-982890A42C22}"
EndProject
Project("{9A19103F-16F7-4668-BE54-9A1E7A4F7556}") = "SimpleIdServer.Core.Common", "src\Apis\SimpleIdServer\SimpleIdServer.Core.Common\SimpleIdServer.Core.Common.csproj", "{D404E3DD-3A2A-49D9-8DB7-5AAE03D0534D}"
EndProject
Project("{9A19103F-16F7-4668-BE54-9A1E7A4F7556}") = "SimpleIdServer.Core.Jwt", "src\Apis\SimpleIdServer\SimpleIdServer.Core.Jwt\SimpleIdServer.Core.Jwt.csproj", "{504D3719-70D3-4E2E-9BEB-128FB4CB85FA}"
EndProject
Project("{9A19103F-16F7-4668-BE54-9A1E7A4F7556}") = "SimpleIdServer.Host", "src\Apis\SimpleIdServer\SimpleIdServer.Host\SimpleIdServer.Host.csproj", "{8CF0C810-3CB3-41BC-AA42-B7CE4616E69C}"
EndProject
Project("{9A19103F-16F7-4668-BE54-9A1E7A4F7556}") = "System.Security.Cryptography.Algorithms.Extensions", "src\Lib\System.Security.Cryptography.Algorithms.Extensions\System.Security.Cryptography.Algorithms.Extensions.csproj", "{BA9D218A-B619-4C0E-9724-112835EC36B9}"
EndProject
Project("{2150E333-8FDC-42A3-9474-1A3956D46DE8}") = "03. Data Layer", "03. Data Layer", "{BCD83D5A-35FE-4898-96B9-F568E8F8C934}"
EndProject
Project("{2150E333-8FDC-42A3-9474-1A3956D46DE8}") = "01. UMA", "01. UMA", "{D3272752-833C-4C83-BA8A-736CF85148C4}"
EndProject
Project("{2150E333-8FDC-42A3-9474-1A3956D46DE8}") = "02. OAUTH", "02. OAUTH", "{F8EA554F-089D-4EC0-AF40-50DBB7209BA8}"
EndProject
Project("{9A19103F-16F7-4668-BE54-9A1E7A4F7556}") = "SimpleIdServer.EF", "src\Apis\SimpleIdServer\SimpleIdServer.EF\SimpleIdServer.EF.csproj", "{357C3626-E81B-457A-B9D3-14CF571038A2}"
EndProject
Project("{9A19103F-16F7-4668-BE54-9A1E7A4F7556}") = "SimpleIdServer.EF.Postgre", "src\Apis\SimpleIdServer\SimpleIdServer.EF.Postgre\SimpleIdServer.EF.Postgre.csproj", "{AA6212E9-0478-4003-A134-B6F2BB1A630A}"
EndProject
Project("{9A19103F-16F7-4668-BE54-9A1E7A4F7556}") = "SimpleIdServer.EF.Sqlite", "src\Apis\SimpleIdServer\SimpleIdServer.EF.Sqlite\SimpleIdServer.EF.Sqlite.csproj", "{8CA7FBDE-3423-41C1-8645-141AA3BC47BA}"
EndProject
Project("{9A19103F-16F7-4668-BE54-9A1E7A4F7556}") = "SimpleIdServer.EF.SqlServer", "src\Apis\SimpleIdServer\SimpleIdServer.EF.SqlServer\SimpleIdServer.EF.SqlServer.csproj", "{7A249F2A-A962-4B4B-9F27-0FB4797F72A3}"
EndProject
Project("{9A19103F-16F7-4668-BE54-9A1E7A4F7556}") = "SimpleIdServer.OAuth2Introspection", "src\Apis\SimpleIdServer\SimpleIdServer.OAuth2Introspection\SimpleIdServer.OAuth2Introspection.csproj", "{0E8A352E-53D3-43A4-8282-D861C0C53946}"
EndProject
Project("{9A19103F-16F7-4668-BE54-9A1E7A4F7556}") = "SimpleIdServer.UserInfoIntrospection", "src\Apis\SimpleIdServer\SimpleIdServer.UserInfoIntrospection\SimpleIdServer.UserInfoIntrospection.csproj", "{7606A2CB-0D5F-4624-A6C8-30E31E81EB41}"
EndProject
Project("{9A19103F-16F7-4668-BE54-9A1E7A4F7556}") = "SimpleIdServer.Module", "src\Apis\Common\SimpleIdServer.Module\SimpleIdServer.Module.csproj", "{C4E5E927-0B74-4F47-B1FC-D97628766AEA}"
EndProject
Project("{9A19103F-16F7-4668-BE54-9A1E7A4F7556}") = "SimpleIdServer.Store", "src\Apis\SimpleIdServer\SimpleIdServer.Store\SimpleIdServer.Store.csproj", "{B88FA212-54B4-4E4C-9494-3E9F6372E9F2}"
EndProject
Project("{2150E333-8FDC-42A3-9474-1A3956D46DE8}") = "06. Logging", "06. Logging", "{F70DB5D4-0AEE-4D6A-8576-16C8A4B58630}"
EndProject
Project("{9A19103F-16F7-4668-BE54-9A1E7A4F7556}") = "SimpleIdServer.OAuth.Logging", "src\Apis\SimpleIdServer\SimpleIdServer.OAuth.Logging\SimpleIdServer.OAuth.Logging.csproj", "{142A2594-7FE5-4876-89AD-98ADEAED9679}"
EndProject
Project("{9A19103F-16F7-4668-BE54-9A1E7A4F7556}") = "SimpleIdServer.OAuth.Events", "src\Apis\SimpleIdServer\SimpleIdServer.OAuth.Events\SimpleIdServer.OAuth.Events.csproj", "{8AACDCCA-D71F-460E-81FA-11EB9C2AD0F5}"
EndProject
Project("{9A19103F-16F7-4668-BE54-9A1E7A4F7556}") = "SimpleIdServer.AccessToken.Store", "src\Apis\Common\SimpleIdServer.AccessToken.Store\SimpleIdServer.AccessToken.Store.csproj", "{8D04C287-EEB2-4773-B792-2EB4928ADC04}"
EndProject
Project("{9A19103F-16F7-4668-BE54-9A1E7A4F7556}") = "SimpleIdServer.TwoFactorAuthentication", "src\Apis\SimpleIdServer\SimpleIdServer.TwoFactorAuthentication\SimpleIdServer.TwoFactorAuthentication.csproj", "{7765ABEB-C0B3-4E8C-BB02-9C9F87EE96A5}"
EndProject
Project("{9A19103F-16F7-4668-BE54-9A1E7A4F7556}") = "SimpleIdServer.OpenId.Events", "src\Apis\SimpleIdServer\SimpleIdServer.OpenId.Events\SimpleIdServer.OpenId.Events.csproj", "{926C85CA-9F07-4C32-85AB-A5F1CDBCCCD7}"
EndProject
Project("{9A19103F-16F7-4668-BE54-9A1E7A4F7556}") = "SimpleIdServer.OpenId.Logging", "src\Apis\SimpleIdServer\SimpleIdServer.OpenId.Logging\SimpleIdServer.OpenId.Logging.csproj", "{72A1BC96-E7FD-4CE7-BD93-829246DF73C2}"
EndProject
Project("{2150E333-8FDC-42A3-9474-1A3956D46DE8}") = "07. Common", "07. Common", "{D8597B2E-1954-413A-B152-0606B40FF8A8}"
EndProject
Project("{9A19103F-16F7-4668-BE54-9A1E7A4F7556}") = "SimpleIdServer.Common.Dtos", "src\Apis\Common\SimpleIdServer.Common.Dtos\SimpleIdServer.Common.Dtos.csproj", "{6AC895CE-3CCC-4FA1-AE54-4E9A651DB758}"
EndProject
Project("{9A19103F-16F7-4668-BE54-9A1E7A4F7556}") = "SimpleIdServer.Common.Client", "src\Apis\Common\SimpleIdServer.Common.Client\SimpleIdServer.Common.Client.csproj", "{67E2A73F-3929-46C6-B228-0785CA8EBD08}"
EndProject
Project("{9A19103F-16F7-4668-BE54-9A1E7A4F7556}") = "SimpleIdServer.AccountFilter", "src\Apis\SimpleIdServer\SimpleIdServer.AccountFilter\SimpleIdServer.AccountFilter.csproj", "{0DC0A5E5-0C26-4E39-BEFB-DF82D068E558}"
EndProject
Project("{9A19103F-16F7-4668-BE54-9A1E7A4F7556}") = "SimpleIdServer.Bus", "src\Apis\Common\SimpleIdServer.Bus\SimpleIdServer.Bus.csproj", "{CB4CA280-A91F-4F5F-8423-3948539CF37A}"
EndProject
Project("{2150E333-8FDC-42A3-9474-1A3956D46DE8}") = "01. Common", "01. Common", "{BDA1C584-77B7-4026-BA26-E2417C1BFAC6}"
EndProject
Project("{9A19103F-16F7-4668-BE54-9A1E7A4F7556}") = "SimpleIdServer.Storage", "src\Apis\Common\SimpleIdServer.Storage\SimpleIdServer.Storage.csproj", "{ED9448EE-5CDD-4B41-8F80-41879562E618}"
EndProject
Project("{9A19103F-16F7-4668-BE54-9A1E7A4F7556}") = "SimpleIdServer.Concurrency", "src\Apis\Common\SimpleIdServer.Concurrency\SimpleIdServer.Concurrency.csproj", "{71587707-563C-438C-8B96-09BC37512B79}"
EndProject
Project("{9A19103F-16F7-4668-BE54-9A1E7A4F7556}") = "SimpleIdServer.Logging", "src\Apis\Common\SimpleIdServer.Logging\SimpleIdServer.Logging.csproj", "{52A6338A-EB72-497E-9B22-B411C788121E}"
EndProject
Project("{9A19103F-16F7-4668-BE54-9A1E7A4F7556}") = "SimpleIdServer.Uma.Logging", "src\Apis\Uma\SimpleIdServer.Uma.Logging\SimpleIdServer.Uma.Logging.csproj", "{49389D5C-476B-4AD7-8373-FCBBABF6AF31}"
EndProject
Project("{9A19103F-16F7-4668-BE54-9A1E7A4F7556}") = "SimpleIdServer.Uma.Common", "src\Apis\Uma\SimpleIdServer.Uma.Common\SimpleIdServer.Uma.Common.csproj", "{6BFABAA4-D01E-42B5-8698-9A0462B3EBDD}"
EndProject
Project("{9A19103F-16F7-4668-BE54-9A1E7A4F7556}") = "SimpleIdServer.Uma.Core", "src\Apis\Uma\SimpleIdServer.Uma.Core\SimpleIdServer.Uma.Core.csproj", "{650C6AA5-F79D-4505-AEBE-83166051BA1A}"
EndProject
Project("{9A19103F-16F7-4668-BE54-9A1E7A4F7556}") = "SimpleIdServer.Uma.Host", "src\Apis\Uma\SimpleIdServer.Uma.Host\SimpleIdServer.Uma.Host.csproj", "{694A00B0-5120-4815-BA0D-A7B9F396F56C}"
EndProject
Project("{9A19103F-16F7-4668-BE54-9A1E7A4F7556}") = "SimpleIdServer.Uma.EF", "src\Apis\Uma\SimpleIdServer.Uma.EF\SimpleIdServer.Uma.EF.csproj", "{E8968269-D2A8-4BF4-AA61-A89C22AEA79A}"
EndProject
Project("{9A19103F-16F7-4668-BE54-9A1E7A4F7556}") = "SimpleIdServer.Uma.EF.Postgre", "src\Apis\Uma\SimpleIdServer.Uma.EF.Postgre\SimpleIdServer.Uma.EF.Postgre.csproj", "{1161D459-B134-4AB7-A0B7-78C8CB33CCB6}"
EndProject
Project("{9A19103F-16F7-4668-BE54-9A1E7A4F7556}") = "SimpleIdServer.Uma.EF.Sqlite", "src\Apis\Uma\SimpleIdServer.Uma.EF.Sqlite\SimpleIdServer.Uma.EF.Sqlite.csproj", "{529DF7F5-8EDD-48CC-93C0-A40FCB78D1D9}"
EndProject
Project("{9A19103F-16F7-4668-BE54-9A1E7A4F7556}") = "SimpleIdServer.Uma.EF.SqlServer", "src\Apis\Uma\SimpleIdServer.Uma.EF.SqlServer\SimpleIdServer.Uma.EF.SqlServer.csproj", "{92FB6FCA-EB9A-43B9-907B-114229C02A3B}"
EndProject
Project("{9A19103F-16F7-4668-BE54-9A1E7A4F7556}") = "SimpleIdServer.Uma.Client", "src\Apis\Uma\SimpleIdServer.Uma.Client\SimpleIdServer.Uma.Client.csproj", "{5BA9A3EB-5A25-478F-B12B-F076D7A56B7B}"
EndProject
Project("{9A19103F-16F7-4668-BE54-9A1E7A4F7556}") = "SimpleIdServer.Uma.Startup", "src\Apis\Uma\SimpleIdServer.Uma.Startup\SimpleIdServer.Uma.Startup.csproj", "{B65B7EC5-215A-4C8F-A925-35E2B95E2714}"
EndProject
Project("{9A19103F-16F7-4668-BE54-9A1E7A4F7556}") = "SimpleIdServer.Uma.Core.UnitTests", "tests\SimpleIdServer.Uma.Core.UnitTests\SimpleIdServer.Uma.Core.UnitTests.csproj", "{5E92216B-87F4-48E8-987A-C6F463B9B1D8}"
EndProject
Project("{9A19103F-16F7-4668-BE54-9A1E7A4F7556}") = "SimpleIdServer.Uma.Host.Tests", "tests\SimpleIdServer.Uma.Host.Tests\SimpleIdServer.Uma.Host.Tests.csproj", "{8D3A63F8-CA63-4390-9EED-83368236D24C}"
EndProject
Project("{9A19103F-16F7-4668-BE54-9A1E7A4F7556}") = "SimpleIdServer.Lib", "src\Apis\Common\SimpleIdServer.Lib\SimpleIdServer.Lib.csproj", "{77A2E52B-E5C8-4A8B-8644-5AC5095096C8}"
EndProject
Project("{9A19103F-16F7-4668-BE54-9A1E7A4F7556}") = "SimpleIdServer.Dtos", "src\Apis\SimpleIdServer\SimpleIdServer.Dtos\SimpleIdServer.Dtos.csproj", "{82CE1954-AA48-47FC-8B42-55ABE958690C}"
EndProject
Project("{9A19103F-16F7-4668-BE54-9A1E7A4F7556}") = "SimpleIdServer.Uma.Website.Host", "src\Apis\Uma\SimpleIdServer.Uma.Website.Host\SimpleIdServer.Uma.Website.Host.csproj", "{1256DF4B-0FBA-4088-A67D-4213BD4697A0}"
EndProject
Global
	GlobalSection(SolutionConfigurationPlatforms) = preSolution
		Debug|Any CPU = Debug|Any CPU
		Release|Any CPU = Release|Any CPU
	EndGlobalSection
	GlobalSection(ProjectConfigurationPlatforms) = postSolution
		{B706DF0E-8DBB-44CE-AE5C-3BAA9C652365}.Debug|Any CPU.ActiveCfg = Debug|Any CPU
		{B706DF0E-8DBB-44CE-AE5C-3BAA9C652365}.Debug|Any CPU.Build.0 = Debug|Any CPU
		{B706DF0E-8DBB-44CE-AE5C-3BAA9C652365}.Release|Any CPU.ActiveCfg = Release|Any CPU
		{B706DF0E-8DBB-44CE-AE5C-3BAA9C652365}.Release|Any CPU.Build.0 = Release|Any CPU
		{4C392F7B-533B-4F8F-BCAA-982890A42C22}.Debug|Any CPU.ActiveCfg = Debug|Any CPU
		{4C392F7B-533B-4F8F-BCAA-982890A42C22}.Debug|Any CPU.Build.0 = Debug|Any CPU
		{4C392F7B-533B-4F8F-BCAA-982890A42C22}.Release|Any CPU.ActiveCfg = Release|Any CPU
		{4C392F7B-533B-4F8F-BCAA-982890A42C22}.Release|Any CPU.Build.0 = Release|Any CPU
		{D404E3DD-3A2A-49D9-8DB7-5AAE03D0534D}.Debug|Any CPU.ActiveCfg = Debug|Any CPU
		{D404E3DD-3A2A-49D9-8DB7-5AAE03D0534D}.Debug|Any CPU.Build.0 = Debug|Any CPU
		{D404E3DD-3A2A-49D9-8DB7-5AAE03D0534D}.Release|Any CPU.ActiveCfg = Release|Any CPU
		{D404E3DD-3A2A-49D9-8DB7-5AAE03D0534D}.Release|Any CPU.Build.0 = Release|Any CPU
		{504D3719-70D3-4E2E-9BEB-128FB4CB85FA}.Debug|Any CPU.ActiveCfg = Debug|Any CPU
		{504D3719-70D3-4E2E-9BEB-128FB4CB85FA}.Debug|Any CPU.Build.0 = Debug|Any CPU
		{504D3719-70D3-4E2E-9BEB-128FB4CB85FA}.Release|Any CPU.ActiveCfg = Release|Any CPU
		{504D3719-70D3-4E2E-9BEB-128FB4CB85FA}.Release|Any CPU.Build.0 = Release|Any CPU
		{8CF0C810-3CB3-41BC-AA42-B7CE4616E69C}.Debug|Any CPU.ActiveCfg = Debug|Any CPU
		{8CF0C810-3CB3-41BC-AA42-B7CE4616E69C}.Debug|Any CPU.Build.0 = Debug|Any CPU
		{8CF0C810-3CB3-41BC-AA42-B7CE4616E69C}.Release|Any CPU.ActiveCfg = Release|Any CPU
		{8CF0C810-3CB3-41BC-AA42-B7CE4616E69C}.Release|Any CPU.Build.0 = Release|Any CPU
		{BA9D218A-B619-4C0E-9724-112835EC36B9}.Debug|Any CPU.ActiveCfg = Debug|Any CPU
		{BA9D218A-B619-4C0E-9724-112835EC36B9}.Debug|Any CPU.Build.0 = Debug|Any CPU
		{BA9D218A-B619-4C0E-9724-112835EC36B9}.Release|Any CPU.ActiveCfg = Release|Any CPU
		{BA9D218A-B619-4C0E-9724-112835EC36B9}.Release|Any CPU.Build.0 = Release|Any CPU
		{357C3626-E81B-457A-B9D3-14CF571038A2}.Debug|Any CPU.ActiveCfg = Debug|Any CPU
		{357C3626-E81B-457A-B9D3-14CF571038A2}.Debug|Any CPU.Build.0 = Debug|Any CPU
		{357C3626-E81B-457A-B9D3-14CF571038A2}.Release|Any CPU.ActiveCfg = Release|Any CPU
		{357C3626-E81B-457A-B9D3-14CF571038A2}.Release|Any CPU.Build.0 = Release|Any CPU
		{AA6212E9-0478-4003-A134-B6F2BB1A630A}.Debug|Any CPU.ActiveCfg = Debug|Any CPU
		{AA6212E9-0478-4003-A134-B6F2BB1A630A}.Debug|Any CPU.Build.0 = Debug|Any CPU
		{AA6212E9-0478-4003-A134-B6F2BB1A630A}.Release|Any CPU.ActiveCfg = Release|Any CPU
		{AA6212E9-0478-4003-A134-B6F2BB1A630A}.Release|Any CPU.Build.0 = Release|Any CPU
		{8CA7FBDE-3423-41C1-8645-141AA3BC47BA}.Debug|Any CPU.ActiveCfg = Debug|Any CPU
		{8CA7FBDE-3423-41C1-8645-141AA3BC47BA}.Debug|Any CPU.Build.0 = Debug|Any CPU
		{8CA7FBDE-3423-41C1-8645-141AA3BC47BA}.Release|Any CPU.ActiveCfg = Release|Any CPU
		{8CA7FBDE-3423-41C1-8645-141AA3BC47BA}.Release|Any CPU.Build.0 = Release|Any CPU
		{7A249F2A-A962-4B4B-9F27-0FB4797F72A3}.Debug|Any CPU.ActiveCfg = Debug|Any CPU
		{7A249F2A-A962-4B4B-9F27-0FB4797F72A3}.Debug|Any CPU.Build.0 = Debug|Any CPU
		{7A249F2A-A962-4B4B-9F27-0FB4797F72A3}.Release|Any CPU.ActiveCfg = Release|Any CPU
		{7A249F2A-A962-4B4B-9F27-0FB4797F72A3}.Release|Any CPU.Build.0 = Release|Any CPU
		{0E8A352E-53D3-43A4-8282-D861C0C53946}.Debug|Any CPU.ActiveCfg = Debug|Any CPU
		{0E8A352E-53D3-43A4-8282-D861C0C53946}.Debug|Any CPU.Build.0 = Debug|Any CPU
		{0E8A352E-53D3-43A4-8282-D861C0C53946}.Release|Any CPU.ActiveCfg = Release|Any CPU
		{0E8A352E-53D3-43A4-8282-D861C0C53946}.Release|Any CPU.Build.0 = Release|Any CPU
		{7606A2CB-0D5F-4624-A6C8-30E31E81EB41}.Debug|Any CPU.ActiveCfg = Debug|Any CPU
		{7606A2CB-0D5F-4624-A6C8-30E31E81EB41}.Debug|Any CPU.Build.0 = Debug|Any CPU
		{7606A2CB-0D5F-4624-A6C8-30E31E81EB41}.Release|Any CPU.ActiveCfg = Release|Any CPU
		{7606A2CB-0D5F-4624-A6C8-30E31E81EB41}.Release|Any CPU.Build.0 = Release|Any CPU
		{C4E5E927-0B74-4F47-B1FC-D97628766AEA}.Debug|Any CPU.ActiveCfg = Debug|Any CPU
		{C4E5E927-0B74-4F47-B1FC-D97628766AEA}.Debug|Any CPU.Build.0 = Debug|Any CPU
		{C4E5E927-0B74-4F47-B1FC-D97628766AEA}.Release|Any CPU.ActiveCfg = Release|Any CPU
		{C4E5E927-0B74-4F47-B1FC-D97628766AEA}.Release|Any CPU.Build.0 = Release|Any CPU
		{B88FA212-54B4-4E4C-9494-3E9F6372E9F2}.Debug|Any CPU.ActiveCfg = Debug|Any CPU
		{B88FA212-54B4-4E4C-9494-3E9F6372E9F2}.Debug|Any CPU.Build.0 = Debug|Any CPU
		{B88FA212-54B4-4E4C-9494-3E9F6372E9F2}.Release|Any CPU.ActiveCfg = Release|Any CPU
		{B88FA212-54B4-4E4C-9494-3E9F6372E9F2}.Release|Any CPU.Build.0 = Release|Any CPU
		{142A2594-7FE5-4876-89AD-98ADEAED9679}.Debug|Any CPU.ActiveCfg = Debug|Any CPU
		{142A2594-7FE5-4876-89AD-98ADEAED9679}.Debug|Any CPU.Build.0 = Debug|Any CPU
		{142A2594-7FE5-4876-89AD-98ADEAED9679}.Release|Any CPU.ActiveCfg = Release|Any CPU
		{142A2594-7FE5-4876-89AD-98ADEAED9679}.Release|Any CPU.Build.0 = Release|Any CPU
		{8AACDCCA-D71F-460E-81FA-11EB9C2AD0F5}.Debug|Any CPU.ActiveCfg = Debug|Any CPU
		{8AACDCCA-D71F-460E-81FA-11EB9C2AD0F5}.Debug|Any CPU.Build.0 = Debug|Any CPU
		{8AACDCCA-D71F-460E-81FA-11EB9C2AD0F5}.Release|Any CPU.ActiveCfg = Release|Any CPU
		{8AACDCCA-D71F-460E-81FA-11EB9C2AD0F5}.Release|Any CPU.Build.0 = Release|Any CPU
		{8D04C287-EEB2-4773-B792-2EB4928ADC04}.Debug|Any CPU.ActiveCfg = Debug|Any CPU
		{8D04C287-EEB2-4773-B792-2EB4928ADC04}.Debug|Any CPU.Build.0 = Debug|Any CPU
		{8D04C287-EEB2-4773-B792-2EB4928ADC04}.Release|Any CPU.ActiveCfg = Release|Any CPU
		{8D04C287-EEB2-4773-B792-2EB4928ADC04}.Release|Any CPU.Build.0 = Release|Any CPU
		{7765ABEB-C0B3-4E8C-BB02-9C9F87EE96A5}.Debug|Any CPU.ActiveCfg = Debug|Any CPU
		{7765ABEB-C0B3-4E8C-BB02-9C9F87EE96A5}.Debug|Any CPU.Build.0 = Debug|Any CPU
		{7765ABEB-C0B3-4E8C-BB02-9C9F87EE96A5}.Release|Any CPU.ActiveCfg = Release|Any CPU
		{7765ABEB-C0B3-4E8C-BB02-9C9F87EE96A5}.Release|Any CPU.Build.0 = Release|Any CPU
		{926C85CA-9F07-4C32-85AB-A5F1CDBCCCD7}.Debug|Any CPU.ActiveCfg = Debug|Any CPU
		{926C85CA-9F07-4C32-85AB-A5F1CDBCCCD7}.Debug|Any CPU.Build.0 = Debug|Any CPU
		{926C85CA-9F07-4C32-85AB-A5F1CDBCCCD7}.Release|Any CPU.ActiveCfg = Release|Any CPU
		{926C85CA-9F07-4C32-85AB-A5F1CDBCCCD7}.Release|Any CPU.Build.0 = Release|Any CPU
		{72A1BC96-E7FD-4CE7-BD93-829246DF73C2}.Debug|Any CPU.ActiveCfg = Debug|Any CPU
		{72A1BC96-E7FD-4CE7-BD93-829246DF73C2}.Debug|Any CPU.Build.0 = Debug|Any CPU
		{72A1BC96-E7FD-4CE7-BD93-829246DF73C2}.Release|Any CPU.ActiveCfg = Release|Any CPU
		{72A1BC96-E7FD-4CE7-BD93-829246DF73C2}.Release|Any CPU.Build.0 = Release|Any CPU
		{6AC895CE-3CCC-4FA1-AE54-4E9A651DB758}.Debug|Any CPU.ActiveCfg = Debug|Any CPU
		{6AC895CE-3CCC-4FA1-AE54-4E9A651DB758}.Debug|Any CPU.Build.0 = Debug|Any CPU
		{6AC895CE-3CCC-4FA1-AE54-4E9A651DB758}.Release|Any CPU.ActiveCfg = Release|Any CPU
		{6AC895CE-3CCC-4FA1-AE54-4E9A651DB758}.Release|Any CPU.Build.0 = Release|Any CPU
		{67E2A73F-3929-46C6-B228-0785CA8EBD08}.Debug|Any CPU.ActiveCfg = Debug|Any CPU
		{67E2A73F-3929-46C6-B228-0785CA8EBD08}.Debug|Any CPU.Build.0 = Debug|Any CPU
		{67E2A73F-3929-46C6-B228-0785CA8EBD08}.Release|Any CPU.ActiveCfg = Release|Any CPU
		{67E2A73F-3929-46C6-B228-0785CA8EBD08}.Release|Any CPU.Build.0 = Release|Any CPU
		{0DC0A5E5-0C26-4E39-BEFB-DF82D068E558}.Debug|Any CPU.ActiveCfg = Debug|Any CPU
		{0DC0A5E5-0C26-4E39-BEFB-DF82D068E558}.Debug|Any CPU.Build.0 = Debug|Any CPU
		{0DC0A5E5-0C26-4E39-BEFB-DF82D068E558}.Release|Any CPU.ActiveCfg = Release|Any CPU
		{0DC0A5E5-0C26-4E39-BEFB-DF82D068E558}.Release|Any CPU.Build.0 = Release|Any CPU
		{CB4CA280-A91F-4F5F-8423-3948539CF37A}.Debug|Any CPU.ActiveCfg = Debug|Any CPU
		{CB4CA280-A91F-4F5F-8423-3948539CF37A}.Debug|Any CPU.Build.0 = Debug|Any CPU
		{CB4CA280-A91F-4F5F-8423-3948539CF37A}.Release|Any CPU.ActiveCfg = Release|Any CPU
		{CB4CA280-A91F-4F5F-8423-3948539CF37A}.Release|Any CPU.Build.0 = Release|Any CPU
		{ED9448EE-5CDD-4B41-8F80-41879562E618}.Debug|Any CPU.ActiveCfg = Debug|Any CPU
		{ED9448EE-5CDD-4B41-8F80-41879562E618}.Debug|Any CPU.Build.0 = Debug|Any CPU
		{ED9448EE-5CDD-4B41-8F80-41879562E618}.Release|Any CPU.ActiveCfg = Release|Any CPU
		{ED9448EE-5CDD-4B41-8F80-41879562E618}.Release|Any CPU.Build.0 = Release|Any CPU
		{71587707-563C-438C-8B96-09BC37512B79}.Debug|Any CPU.ActiveCfg = Debug|Any CPU
		{71587707-563C-438C-8B96-09BC37512B79}.Debug|Any CPU.Build.0 = Debug|Any CPU
		{71587707-563C-438C-8B96-09BC37512B79}.Release|Any CPU.ActiveCfg = Release|Any CPU
		{71587707-563C-438C-8B96-09BC37512B79}.Release|Any CPU.Build.0 = Release|Any CPU
		{52A6338A-EB72-497E-9B22-B411C788121E}.Debug|Any CPU.ActiveCfg = Debug|Any CPU
		{52A6338A-EB72-497E-9B22-B411C788121E}.Debug|Any CPU.Build.0 = Debug|Any CPU
		{52A6338A-EB72-497E-9B22-B411C788121E}.Release|Any CPU.ActiveCfg = Release|Any CPU
		{52A6338A-EB72-497E-9B22-B411C788121E}.Release|Any CPU.Build.0 = Release|Any CPU
		{49389D5C-476B-4AD7-8373-FCBBABF6AF31}.Debug|Any CPU.ActiveCfg = Debug|Any CPU
		{49389D5C-476B-4AD7-8373-FCBBABF6AF31}.Debug|Any CPU.Build.0 = Debug|Any CPU
		{49389D5C-476B-4AD7-8373-FCBBABF6AF31}.Release|Any CPU.ActiveCfg = Release|Any CPU
		{49389D5C-476B-4AD7-8373-FCBBABF6AF31}.Release|Any CPU.Build.0 = Release|Any CPU
		{6BFABAA4-D01E-42B5-8698-9A0462B3EBDD}.Debug|Any CPU.ActiveCfg = Debug|Any CPU
		{6BFABAA4-D01E-42B5-8698-9A0462B3EBDD}.Debug|Any CPU.Build.0 = Debug|Any CPU
		{6BFABAA4-D01E-42B5-8698-9A0462B3EBDD}.Release|Any CPU.ActiveCfg = Release|Any CPU
		{6BFABAA4-D01E-42B5-8698-9A0462B3EBDD}.Release|Any CPU.Build.0 = Release|Any CPU
		{650C6AA5-F79D-4505-AEBE-83166051BA1A}.Debug|Any CPU.ActiveCfg = Debug|Any CPU
		{650C6AA5-F79D-4505-AEBE-83166051BA1A}.Debug|Any CPU.Build.0 = Debug|Any CPU
		{650C6AA5-F79D-4505-AEBE-83166051BA1A}.Release|Any CPU.ActiveCfg = Release|Any CPU
		{650C6AA5-F79D-4505-AEBE-83166051BA1A}.Release|Any CPU.Build.0 = Release|Any CPU
		{694A00B0-5120-4815-BA0D-A7B9F396F56C}.Debug|Any CPU.ActiveCfg = Debug|Any CPU
		{694A00B0-5120-4815-BA0D-A7B9F396F56C}.Debug|Any CPU.Build.0 = Debug|Any CPU
		{694A00B0-5120-4815-BA0D-A7B9F396F56C}.Release|Any CPU.ActiveCfg = Release|Any CPU
		{694A00B0-5120-4815-BA0D-A7B9F396F56C}.Release|Any CPU.Build.0 = Release|Any CPU
		{E8968269-D2A8-4BF4-AA61-A89C22AEA79A}.Debug|Any CPU.ActiveCfg = Debug|Any CPU
		{E8968269-D2A8-4BF4-AA61-A89C22AEA79A}.Debug|Any CPU.Build.0 = Debug|Any CPU
		{E8968269-D2A8-4BF4-AA61-A89C22AEA79A}.Release|Any CPU.ActiveCfg = Release|Any CPU
		{E8968269-D2A8-4BF4-AA61-A89C22AEA79A}.Release|Any CPU.Build.0 = Release|Any CPU
		{1161D459-B134-4AB7-A0B7-78C8CB33CCB6}.Debug|Any CPU.ActiveCfg = Debug|Any CPU
		{1161D459-B134-4AB7-A0B7-78C8CB33CCB6}.Debug|Any CPU.Build.0 = Debug|Any CPU
		{1161D459-B134-4AB7-A0B7-78C8CB33CCB6}.Release|Any CPU.ActiveCfg = Release|Any CPU
		{1161D459-B134-4AB7-A0B7-78C8CB33CCB6}.Release|Any CPU.Build.0 = Release|Any CPU
		{529DF7F5-8EDD-48CC-93C0-A40FCB78D1D9}.Debug|Any CPU.ActiveCfg = Debug|Any CPU
		{529DF7F5-8EDD-48CC-93C0-A40FCB78D1D9}.Debug|Any CPU.Build.0 = Debug|Any CPU
		{529DF7F5-8EDD-48CC-93C0-A40FCB78D1D9}.Release|Any CPU.ActiveCfg = Release|Any CPU
		{529DF7F5-8EDD-48CC-93C0-A40FCB78D1D9}.Release|Any CPU.Build.0 = Release|Any CPU
		{92FB6FCA-EB9A-43B9-907B-114229C02A3B}.Debug|Any CPU.ActiveCfg = Debug|Any CPU
		{92FB6FCA-EB9A-43B9-907B-114229C02A3B}.Debug|Any CPU.Build.0 = Debug|Any CPU
		{92FB6FCA-EB9A-43B9-907B-114229C02A3B}.Release|Any CPU.ActiveCfg = Release|Any CPU
		{92FB6FCA-EB9A-43B9-907B-114229C02A3B}.Release|Any CPU.Build.0 = Release|Any CPU
		{5BA9A3EB-5A25-478F-B12B-F076D7A56B7B}.Debug|Any CPU.ActiveCfg = Debug|Any CPU
		{5BA9A3EB-5A25-478F-B12B-F076D7A56B7B}.Debug|Any CPU.Build.0 = Debug|Any CPU
		{5BA9A3EB-5A25-478F-B12B-F076D7A56B7B}.Release|Any CPU.ActiveCfg = Release|Any CPU
		{5BA9A3EB-5A25-478F-B12B-F076D7A56B7B}.Release|Any CPU.Build.0 = Release|Any CPU
		{B65B7EC5-215A-4C8F-A925-35E2B95E2714}.Debug|Any CPU.ActiveCfg = Debug|Any CPU
		{B65B7EC5-215A-4C8F-A925-35E2B95E2714}.Debug|Any CPU.Build.0 = Debug|Any CPU
		{B65B7EC5-215A-4C8F-A925-35E2B95E2714}.Release|Any CPU.ActiveCfg = Release|Any CPU
		{B65B7EC5-215A-4C8F-A925-35E2B95E2714}.Release|Any CPU.Build.0 = Release|Any CPU
		{5E92216B-87F4-48E8-987A-C6F463B9B1D8}.Debug|Any CPU.ActiveCfg = Debug|Any CPU
		{5E92216B-87F4-48E8-987A-C6F463B9B1D8}.Debug|Any CPU.Build.0 = Debug|Any CPU
		{5E92216B-87F4-48E8-987A-C6F463B9B1D8}.Release|Any CPU.ActiveCfg = Release|Any CPU
		{5E92216B-87F4-48E8-987A-C6F463B9B1D8}.Release|Any CPU.Build.0 = Release|Any CPU
		{8D3A63F8-CA63-4390-9EED-83368236D24C}.Debug|Any CPU.ActiveCfg = Debug|Any CPU
		{8D3A63F8-CA63-4390-9EED-83368236D24C}.Debug|Any CPU.Build.0 = Debug|Any CPU
		{8D3A63F8-CA63-4390-9EED-83368236D24C}.Release|Any CPU.ActiveCfg = Release|Any CPU
		{8D3A63F8-CA63-4390-9EED-83368236D24C}.Release|Any CPU.Build.0 = Release|Any CPU
		{77A2E52B-E5C8-4A8B-8644-5AC5095096C8}.Debug|Any CPU.ActiveCfg = Debug|Any CPU
		{77A2E52B-E5C8-4A8B-8644-5AC5095096C8}.Debug|Any CPU.Build.0 = Debug|Any CPU
		{77A2E52B-E5C8-4A8B-8644-5AC5095096C8}.Release|Any CPU.ActiveCfg = Release|Any CPU
		{77A2E52B-E5C8-4A8B-8644-5AC5095096C8}.Release|Any CPU.Build.0 = Release|Any CPU
		{82CE1954-AA48-47FC-8B42-55ABE958690C}.Debug|Any CPU.ActiveCfg = Debug|Any CPU
		{82CE1954-AA48-47FC-8B42-55ABE958690C}.Debug|Any CPU.Build.0 = Debug|Any CPU
		{82CE1954-AA48-47FC-8B42-55ABE958690C}.Release|Any CPU.ActiveCfg = Release|Any CPU
		{82CE1954-AA48-47FC-8B42-55ABE958690C}.Release|Any CPU.Build.0 = Release|Any CPU
		{1256DF4B-0FBA-4088-A67D-4213BD4697A0}.Debug|Any CPU.ActiveCfg = Debug|Any CPU
		{1256DF4B-0FBA-4088-A67D-4213BD4697A0}.Debug|Any CPU.Build.0 = Debug|Any CPU
		{1256DF4B-0FBA-4088-A67D-4213BD4697A0}.Release|Any CPU.ActiveCfg = Release|Any CPU
		{1256DF4B-0FBA-4088-A67D-4213BD4697A0}.Release|Any CPU.Build.0 = Release|Any CPU
	EndGlobalSection
	GlobalSection(SolutionProperties) = preSolution
		HideSolutionNode = FALSE
	EndGlobalSection
	GlobalSection(NestedProjects) = preSolution
		{363460AB-4201-4E2A-9DF8-8339143C90CA} = {BF09DAC3-424A-4EAA-AD60-564DE7F16D31}
		{EFE51CB2-A176-4724-8614-25C3E7DBCFA5} = {BF09DAC3-424A-4EAA-AD60-564DE7F16D31}
		{21AF6C2D-853A-45FB-B27D-0BCD22501EDC} = {A70EBAB2-FCB5-491F-822F-76AB632B4F0C}
		{B4982F71-71E5-4846-838E-AA1D8AD2ADFE} = {A70EBAB2-FCB5-491F-822F-76AB632B4F0C}
		{B706DF0E-8DBB-44CE-AE5C-3BAA9C652365} = {21AF6C2D-853A-45FB-B27D-0BCD22501EDC}
		{4C392F7B-533B-4F8F-BCAA-982890A42C22} = {21AF6C2D-853A-45FB-B27D-0BCD22501EDC}
		{D404E3DD-3A2A-49D9-8DB7-5AAE03D0534D} = {21AF6C2D-853A-45FB-B27D-0BCD22501EDC}
		{504D3719-70D3-4E2E-9BEB-128FB4CB85FA} = {21AF6C2D-853A-45FB-B27D-0BCD22501EDC}
		{8CF0C810-3CB3-41BC-AA42-B7CE4616E69C} = {21AF6C2D-853A-45FB-B27D-0BCD22501EDC}
		{BA9D218A-B619-4C0E-9724-112835EC36B9} = {B4982F71-71E5-4846-838E-AA1D8AD2ADFE}
		{D3272752-833C-4C83-BA8A-736CF85148C4} = {BCD83D5A-35FE-4898-96B9-F568E8F8C934}
		{F8EA554F-089D-4EC0-AF40-50DBB7209BA8} = {BCD83D5A-35FE-4898-96B9-F568E8F8C934}
		{357C3626-E81B-457A-B9D3-14CF571038A2} = {F8EA554F-089D-4EC0-AF40-50DBB7209BA8}
		{AA6212E9-0478-4003-A134-B6F2BB1A630A} = {F8EA554F-089D-4EC0-AF40-50DBB7209BA8}
		{8CA7FBDE-3423-41C1-8645-141AA3BC47BA} = {F8EA554F-089D-4EC0-AF40-50DBB7209BA8}
		{7A249F2A-A962-4B4B-9F27-0FB4797F72A3} = {F8EA554F-089D-4EC0-AF40-50DBB7209BA8}
		{0E8A352E-53D3-43A4-8282-D861C0C53946} = {21AF6C2D-853A-45FB-B27D-0BCD22501EDC}
		{7606A2CB-0D5F-4624-A6C8-30E31E81EB41} = {21AF6C2D-853A-45FB-B27D-0BCD22501EDC}
		{C4E5E927-0B74-4F47-B1FC-D97628766AEA} = {21AF6C2D-853A-45FB-B27D-0BCD22501EDC}
		{B88FA212-54B4-4E4C-9494-3E9F6372E9F2} = {21AF6C2D-853A-45FB-B27D-0BCD22501EDC}
		{F70DB5D4-0AEE-4D6A-8576-16C8A4B58630} = {A70EBAB2-FCB5-491F-822F-76AB632B4F0C}
		{142A2594-7FE5-4876-89AD-98ADEAED9679} = {F70DB5D4-0AEE-4D6A-8576-16C8A4B58630}
		{8AACDCCA-D71F-460E-81FA-11EB9C2AD0F5} = {21AF6C2D-853A-45FB-B27D-0BCD22501EDC}
		{8D04C287-EEB2-4773-B792-2EB4928ADC04} = {21AF6C2D-853A-45FB-B27D-0BCD22501EDC}
		{7765ABEB-C0B3-4E8C-BB02-9C9F87EE96A5} = {21AF6C2D-853A-45FB-B27D-0BCD22501EDC}
		{926C85CA-9F07-4C32-85AB-A5F1CDBCCCD7} = {21AF6C2D-853A-45FB-B27D-0BCD22501EDC}
		{72A1BC96-E7FD-4CE7-BD93-829246DF73C2} = {F70DB5D4-0AEE-4D6A-8576-16C8A4B58630}
		{D8597B2E-1954-413A-B152-0606B40FF8A8} = {A70EBAB2-FCB5-491F-822F-76AB632B4F0C}
		{6AC895CE-3CCC-4FA1-AE54-4E9A651DB758} = {D8597B2E-1954-413A-B152-0606B40FF8A8}
		{67E2A73F-3929-46C6-B228-0785CA8EBD08} = {D8597B2E-1954-413A-B152-0606B40FF8A8}
		{0DC0A5E5-0C26-4E39-BEFB-DF82D068E558} = {21AF6C2D-853A-45FB-B27D-0BCD22501EDC}
		{CB4CA280-A91F-4F5F-8423-3948539CF37A} = {BDA1C584-77B7-4026-BA26-E2417C1BFAC6}
		{BDA1C584-77B7-4026-BA26-E2417C1BFAC6} = {A70EBAB2-FCB5-491F-822F-76AB632B4F0C}
		{ED9448EE-5CDD-4B41-8F80-41879562E618} = {BDA1C584-77B7-4026-BA26-E2417C1BFAC6}
		{71587707-563C-438C-8B96-09BC37512B79} = {BDA1C584-77B7-4026-BA26-E2417C1BFAC6}
		{52A6338A-EB72-497E-9B22-B411C788121E} = {F70DB5D4-0AEE-4D6A-8576-16C8A4B58630}
		{49389D5C-476B-4AD7-8373-FCBBABF6AF31} = {F70DB5D4-0AEE-4D6A-8576-16C8A4B58630}
		{6BFABAA4-D01E-42B5-8698-9A0462B3EBDD} = {1ECE86CB-47E8-4B83-9FC8-54A314079233}
		{650C6AA5-F79D-4505-AEBE-83166051BA1A} = {1ECE86CB-47E8-4B83-9FC8-54A314079233}
		{694A00B0-5120-4815-BA0D-A7B9F396F56C} = {1ECE86CB-47E8-4B83-9FC8-54A314079233}
		{E8968269-D2A8-4BF4-AA61-A89C22AEA79A} = {D3272752-833C-4C83-BA8A-736CF85148C4}
		{1161D459-B134-4AB7-A0B7-78C8CB33CCB6} = {D3272752-833C-4C83-BA8A-736CF85148C4}
		{529DF7F5-8EDD-48CC-93C0-A40FCB78D1D9} = {D3272752-833C-4C83-BA8A-736CF85148C4}
		{92FB6FCA-EB9A-43B9-907B-114229C02A3B} = {D3272752-833C-4C83-BA8A-736CF85148C4}
		{5BA9A3EB-5A25-478F-B12B-F076D7A56B7B} = {417FC282-063E-42B9-92FB-72D45BCE68FF}
		{B65B7EC5-215A-4C8F-A925-35E2B95E2714} = {EE4204D4-7992-4554-A53B-5FD4DF1B21FB}
		{5E92216B-87F4-48E8-987A-C6F463B9B1D8} = {363460AB-4201-4E2A-9DF8-8339143C90CA}
		{8D3A63F8-CA63-4390-9EED-83368236D24C} = {EFE51CB2-A176-4724-8614-25C3E7DBCFA5}
		{77A2E52B-E5C8-4A8B-8644-5AC5095096C8} = {BDA1C584-77B7-4026-BA26-E2417C1BFAC6}
		{82CE1954-AA48-47FC-8B42-55ABE958690C} = {21AF6C2D-853A-45FB-B27D-0BCD22501EDC}
		{1256DF4B-0FBA-4088-A67D-4213BD4697A0} = {1ECE86CB-47E8-4B83-9FC8-54A314079233}
	EndGlobalSection
	GlobalSection(ExtensibilityGlobals) = postSolution
		SolutionGuid = {C267BB78-A51A-4C90-8C7E-807BDE249284}
	EndGlobalSection
EndGlobal
