
Microsoft Visual Studio Solution File, Format Version 12.00
# Visual Studio 15
VisualStudioVersion = 15.0.27130.0
MinimumVisualStudioVersion = 10.0.40219.1
Project("{2150E333-8FDC-42A3-9474-1A3956D46DE8}") = "01. Core Layer", "01. Core Layer", "{E69071DD-4007-4333-950E-0988517E5426}"
EndProject
Project("{2150E333-8FDC-42A3-9474-1A3956D46DE8}") = "02. Data Layer", "02. Data Layer", "{3F10F403-8B8F-4995-A41C-BDB3B2A14742}"
EndProject
Project("{2150E333-8FDC-42A3-9474-1A3956D46DE8}") = "03. Hosting Layer", "03. Hosting Layer", "{2B491E49-D3B7-45EA-BA78-E35F0AE74188}"
EndProject
Project("{2150E333-8FDC-42A3-9474-1A3956D46DE8}") = "05. Testing Layer", "05. Testing Layer", "{A2E898A8-D676-4552-A03A-03CC27C0ECDC}"
EndProject
Project("{2150E333-8FDC-42A3-9474-1A3956D46DE8}") = "04. Client Layer", "04. Client Layer", "{4BC2BB6B-6D37-44D2-A541-122567A25876}"
EndProject
Project("{2150E333-8FDC-42A3-9474-1A3956D46DE8}") = "01. Concurrency", "01. Concurrency", "{6D98D446-5A28-45F4-B385-36CCC6A65051}"
EndProject
Project("{2150E333-8FDC-42A3-9474-1A3956D46DE8}") = "02. Bus", "02. Bus", "{D6572466-23D6-4C87-B36E-D44FB10BB072}"
EndProject
Project("{9A19103F-16F7-4668-BE54-9A1E7A4F7556}") = "SimpleIdServer.OAuth2Introspection", "src\Apis\SimpleIdServer\SimpleIdServer.OAuth2Introspection\SimpleIdServer.OAuth2Introspection.csproj", "{E7F60B77-472E-4234-ACC1-B53E7868D781}"
EndProject
Project("{2150E333-8FDC-42A3-9474-1A3956D46DE8}") = "01. SCIM", "01. SCIM", "{67C4F42A-9CE1-4D51-B3E7-C588816BD4F8}"
EndProject
Project("{9A19103F-16F7-4668-BE54-9A1E7A4F7556}") = "SimpleIdServer.Module", "src\Apis\Common\SimpleIdServer.Module\SimpleIdServer.Module.csproj", "{15F97349-A8F6-478F-9968-17CBB071E5A7}"
EndProject
Project("{9A19103F-16F7-4668-BE54-9A1E7A4F7556}") = "SimpleIdServer.UserInfoIntrospection", "src\Apis\SimpleIdServer\SimpleIdServer.UserInfoIntrospection\SimpleIdServer.UserInfoIntrospection.csproj", "{B371F7A3-BA85-4323-B697-02DFD6A31C81}"
EndProject
Project("{9A19103F-16F7-4668-BE54-9A1E7A4F7556}") = "SimpleIdServer.Client", "src\Apis\SimpleIdServer\SimpleIdServer.Client\SimpleIdServer.Client.csproj", "{A4F96E71-1F65-4D0F-84D8-D5574074E06B}"
EndProject
Project("{9A19103F-16F7-4668-BE54-9A1E7A4F7556}") = "SimpleIdServer.Core.Common", "src\Apis\SimpleIdServer\SimpleIdServer.Core.Common\SimpleIdServer.Core.Common.csproj", "{03CBB245-A3D2-4194-963D-F072F00C33B7}"
EndProject
Project("{9A19103F-16F7-4668-BE54-9A1E7A4F7556}") = "SimpleIdServer.Core.Jwt", "src\Apis\SimpleIdServer\SimpleIdServer.Core.Jwt\SimpleIdServer.Core.Jwt.csproj", "{1A22050C-4803-41AB-A6E4-1393CE14D806}"
EndProject
Project("{9A19103F-16F7-4668-BE54-9A1E7A4F7556}") = "SimpleIdServer.Core", "src\Apis\SimpleIdServer\SimpleIdServer.Core\SimpleIdServer.Core.csproj", "{9D6435BD-90C8-4AC3-84BC-B0F10A1E6642}"
EndProject
Project("{9A19103F-16F7-4668-BE54-9A1E7A4F7556}") = "System.Security.Cryptography.Algorithms.Extensions", "src\Lib\System.Security.Cryptography.Algorithms.Extensions\System.Security.Cryptography.Algorithms.Extensions.csproj", "{C771081E-A563-4404-8B57-105B0CA6646B}"
EndProject
Project("{9A19103F-16F7-4668-BE54-9A1E7A4F7556}") = "SimpleIdServer.Common.Client", "src\Apis\Common\SimpleIdServer.Common.Client\SimpleIdServer.Common.Client.csproj", "{62274DB2-8ABD-4513-8EEB-8D8FA70FC49E}"
EndProject
Project("{9A19103F-16F7-4668-BE54-9A1E7A4F7556}") = "SimpleIdServer.AccountFilter", "src\Apis\SimpleIdServer\SimpleIdServer.AccountFilter\SimpleIdServer.AccountFilter.csproj", "{95EAAC70-B54C-4579-84F6-E64F322A7182}"
EndProject
Project("{9A19103F-16F7-4668-BE54-9A1E7A4F7556}") = "SimpleIdServer.TwoFactorAuthentication", "src\Apis\SimpleIdServer\SimpleIdServer.TwoFactorAuthentication\SimpleIdServer.TwoFactorAuthentication.csproj", "{1FF9EF01-11FC-4CD8-8383-8804F54E5A8A}"
EndProject
Project("{9A19103F-16F7-4668-BE54-9A1E7A4F7556}") = "SimpleIdServer.Store", "src\Apis\SimpleIdServer\SimpleIdServer.Store\SimpleIdServer.Store.csproj", "{76E18C1B-E874-4A78-97A4-5426F0B359F4}"
EndProject
Project("{9A19103F-16F7-4668-BE54-9A1E7A4F7556}") = "SimpleIdServer.OpenId.Logging", "src\Apis\SimpleIdServer\SimpleIdServer.OpenId.Logging\SimpleIdServer.OpenId.Logging.csproj", "{C74EBBA3-DB08-423F-B65B-1A62B8563647}"
EndProject
Project("{9A19103F-16F7-4668-BE54-9A1E7A4F7556}") = "SimpleIdServer.OpenId.Events", "src\Apis\SimpleIdServer\SimpleIdServer.OpenId.Events\SimpleIdServer.OpenId.Events.csproj", "{AAB4EA0F-353D-4587-9826-CE5F0ABDF030}"
EndProject
Project("{9A19103F-16F7-4668-BE54-9A1E7A4F7556}") = "SimpleIdServer.Common.Dtos", "src\Apis\Common\SimpleIdServer.Common.Dtos\SimpleIdServer.Common.Dtos.csproj", "{CDB19880-E5E3-470E-BE49-F0AC1F944505}"
EndProject
Project("{9A19103F-16F7-4668-BE54-9A1E7A4F7556}") = "SimpleIdServer.OAuth.Events", "src\Apis\SimpleIdServer\SimpleIdServer.OAuth.Events\SimpleIdServer.OAuth.Events.csproj", "{793E45D7-1882-40EF-BDC3-84C5DCEF7C7E}"
EndProject
Project("{9A19103F-16F7-4668-BE54-9A1E7A4F7556}") = "SimpleIdServer.OAuth.Logging", "src\Apis\SimpleIdServer\SimpleIdServer.OAuth.Logging\SimpleIdServer.OAuth.Logging.csproj", "{4FAFE756-992B-4D92-9DA6-926F2BAF398B}"
EndProject
Project("{2150E333-8FDC-42A3-9474-1A3956D46DE8}") = "03. SimpleIdServer", "03. SimpleIdServer", "{E5F3CC01-5760-4682-AF18-8216DEAE5024}"
EndProject
Project("{2150E333-8FDC-42A3-9474-1A3956D46DE8}") = "04. Mapping", "04. Mapping", "{28615E63-2AF5-4326-ACD3-6F3FB6B92338}"
EndProject
Project("{9A19103F-16F7-4668-BE54-9A1E7A4F7556}") = "SimpleIdServer.Concurrency", "src\Apis\Common\SimpleIdServer.Concurrency\SimpleIdServer.Concurrency.csproj", "{39E8FE51-0BB8-4B5B-8984-C207704FE8A3}"
EndProject
Project("{9A19103F-16F7-4668-BE54-9A1E7A4F7556}") = "SimpleIdServer.Storage", "src\Apis\Common\SimpleIdServer.Storage\SimpleIdServer.Storage.csproj", "{A110684A-BB6A-49F6-B034-5EB923BB293D}"
EndProject
Project("{9A19103F-16F7-4668-BE54-9A1E7A4F7556}") = "SimpleIdServer.Bus", "src\Apis\Common\SimpleIdServer.Bus\SimpleIdServer.Bus.csproj", "{B89A6480-A6DA-4956-A146-B162397834A5}"
EndProject
Project("{9A19103F-16F7-4668-BE54-9A1E7A4F7556}") = "SimpleIdServerLogging", "src\Apis\Common\SimpleIdServer.Logging\SimpleIdServerLogging.csproj", "{0E713954-30F3-4C85-98B8-5D916570FE21}"
EndProject
Project("{9A19103F-16F7-4668-BE54-9A1E7A4F7556}") = "SimpleIdServer.Scim.Mapping", "src\Apis\Scim\SimpleIdServer.Scim.Mapping\SimpleIdServer.Scim.Mapping.csproj", "{2AE4BFA8-0786-4AE9-AFE8-247C7EC07019}"
EndProject
Project("{9A19103F-16F7-4668-BE54-9A1E7A4F7556}") = "SimpleIdServer.Scim.Common", "src\Apis\Scim\SimpleIdServer.Scim.Common\SimpleIdServer.Scim.Common.csproj", "{01A97850-6AFE-470B-8305-8BB01778E48D}"
EndProject
Project("{9A19103F-16F7-4668-BE54-9A1E7A4F7556}") = "SimpleIdServer.Scim.Core", "src\Apis\Scim\SimpleIdServer.Scim.Core\SimpleIdServer.Scim.Core.csproj", "{B6635966-DBFE-44DD-9128-1EC605CB91FF}"
EndProject
Project("{9A19103F-16F7-4668-BE54-9A1E7A4F7556}") = "SimpleIdServer.Scim.Events", "src\Apis\Scim\SimpleIdServer.Scim.Events\SimpleIdServer.Scim.Events.csproj", "{C1D4DFAC-40DD-4758-8CEF-5F94A37DE28F}"
EndProject
Project("{9A19103F-16F7-4668-BE54-9A1E7A4F7556}") = "SimpleIdServer.Scim.Host", "src\Apis\Scim\SimpleIdServer.Scim.Host\SimpleIdServer.Scim.Host.csproj", "{C398D9D9-E32E-49D0-B1F9-9670F53A153A}"
EndProject
Project("{9A19103F-16F7-4668-BE54-9A1E7A4F7556}") = "SimpleIdServer.Scim.Db.EF", "src\Apis\Scim\SimpleIdServer.Scim.Db.EF\SimpleIdServer.Scim.Db.EF.csproj", "{CF8B809F-6C61-416A-AF07-D20EA1C2E188}"
EndProject
Project("{9A19103F-16F7-4668-BE54-9A1E7A4F7556}") = "SimpleIdServer.Scim.Db.EF.Postgre", "src\Apis\Scim\SimpleIdServer.Scim.Db.EF.Postgre\SimpleIdServer.Scim.Db.EF.Postgre.csproj", "{CAD47AF5-C0A9-4A35-B288-2EF1A864FCBF}"
EndProject
Project("{9A19103F-16F7-4668-BE54-9A1E7A4F7556}") = "SimpleIdServer.Scim.Db.EF.Sqlite", "src\Apis\Scim\SimpleIdServer.Scim.Db.EF.Sqlite\SimpleIdServer.Scim.Db.EF.Sqlite.csproj", "{38822CFC-140D-4B45-B24B-095520B3394E}"
EndProject
Project("{9A19103F-16F7-4668-BE54-9A1E7A4F7556}") = "SimpleIdServer.Scim.Db.EF.SqlServer", "src\Apis\Scim\SimpleIdServer.Scim.Db.EF.SqlServer\SimpleIdServer.Scim.Db.EF.SqlServer.csproj", "{C671E906-DC52-4A2D-A855-E797252B961E}"
EndProject
Project("{9A19103F-16F7-4668-BE54-9A1E7A4F7556}") = "SimpleIdServer.Scim.Startup", "src\Apis\Scim\SimpleIdServer.Scim.Startup\SimpleIdServer.Scim.Startup.csproj", "{3B794646-89BF-4FA9-BB37-322C06E23243}"
EndProject
Project("{9A19103F-16F7-4668-BE54-9A1E7A4F7556}") = "SimpleIdServer.Scim.Client", "src\Apis\Scim\SimpleIdServer.Scim.Client\SimpleIdServer.Scim.Client.csproj", "{899007B6-232F-4861-9846-8F36228BCB92}"
EndProject
Project("{9A19103F-16F7-4668-BE54-9A1E7A4F7556}") = "SimpleIdServer.Scim.Client.Tests", "tests\SimpleIdServer.Scim.Client.Tests\SimpleIdServer.Scim.Client.Tests.csproj", "{E5519E1D-D117-4361-B12E-539EB30BB1ED}"
EndProject
Project("{9A19103F-16F7-4668-BE54-9A1E7A4F7556}") = "SimpleIdServer.Scim.Core.Tests", "tests\SimpleIdServer.Scim.Core.Tests\SimpleIdServer.Scim.Core.Tests.csproj", "{627EC069-3049-4B2C-940F-6B3F588440D5}"
EndProject
Project("{2150E333-8FDC-42A3-9474-1A3956D46DE8}") = "05. Common", "05. Common", "{718359AC-9A27-4416-A8F0-33D3CEEAB426}"
EndProject
Project("{9A19103F-16F7-4668-BE54-9A1E7A4F7556}") = "SimpleIdServer.Lib", "src\Apis\Common\SimpleIdServer.Lib\SimpleIdServer.Lib.csproj", "{89F48854-14A7-46B8-84AD-9F3EE915D6C9}"
EndProject
Project("{9A19103F-16F7-4668-BE54-9A1E7A4F7556}") = "SimpleIdServer.Dtos", "src\Apis\SimpleIdServer\SimpleIdServer.Dtos\SimpleIdServer.Dtos.csproj", "{575B2348-A92F-4350-B0DC-BD3E4CF832BC}"
EndProject
Global
	GlobalSection(SolutionConfigurationPlatforms) = preSolution
		Debug|Any CPU = Debug|Any CPU
		Release|Any CPU = Release|Any CPU
	EndGlobalSection
	GlobalSection(ProjectConfigurationPlatforms) = postSolution
		{E7F60B77-472E-4234-ACC1-B53E7868D781}.Debug|Any CPU.ActiveCfg = Debug|Any CPU
		{E7F60B77-472E-4234-ACC1-B53E7868D781}.Debug|Any CPU.Build.0 = Debug|Any CPU
		{E7F60B77-472E-4234-ACC1-B53E7868D781}.Release|Any CPU.ActiveCfg = Release|Any CPU
		{E7F60B77-472E-4234-ACC1-B53E7868D781}.Release|Any CPU.Build.0 = Release|Any CPU
		{15F97349-A8F6-478F-9968-17CBB071E5A7}.Debug|Any CPU.ActiveCfg = Debug|Any CPU
		{15F97349-A8F6-478F-9968-17CBB071E5A7}.Debug|Any CPU.Build.0 = Debug|Any CPU
		{15F97349-A8F6-478F-9968-17CBB071E5A7}.Release|Any CPU.ActiveCfg = Release|Any CPU
		{15F97349-A8F6-478F-9968-17CBB071E5A7}.Release|Any CPU.Build.0 = Release|Any CPU
		{B371F7A3-BA85-4323-B697-02DFD6A31C81}.Debug|Any CPU.ActiveCfg = Debug|Any CPU
		{B371F7A3-BA85-4323-B697-02DFD6A31C81}.Debug|Any CPU.Build.0 = Debug|Any CPU
		{B371F7A3-BA85-4323-B697-02DFD6A31C81}.Release|Any CPU.ActiveCfg = Release|Any CPU
		{B371F7A3-BA85-4323-B697-02DFD6A31C81}.Release|Any CPU.Build.0 = Release|Any CPU
		{A4F96E71-1F65-4D0F-84D8-D5574074E06B}.Debug|Any CPU.ActiveCfg = Debug|Any CPU
		{A4F96E71-1F65-4D0F-84D8-D5574074E06B}.Debug|Any CPU.Build.0 = Debug|Any CPU
		{A4F96E71-1F65-4D0F-84D8-D5574074E06B}.Release|Any CPU.ActiveCfg = Release|Any CPU
		{A4F96E71-1F65-4D0F-84D8-D5574074E06B}.Release|Any CPU.Build.0 = Release|Any CPU
		{03CBB245-A3D2-4194-963D-F072F00C33B7}.Debug|Any CPU.ActiveCfg = Debug|Any CPU
		{03CBB245-A3D2-4194-963D-F072F00C33B7}.Debug|Any CPU.Build.0 = Debug|Any CPU
		{03CBB245-A3D2-4194-963D-F072F00C33B7}.Release|Any CPU.ActiveCfg = Release|Any CPU
		{03CBB245-A3D2-4194-963D-F072F00C33B7}.Release|Any CPU.Build.0 = Release|Any CPU
		{1A22050C-4803-41AB-A6E4-1393CE14D806}.Debug|Any CPU.ActiveCfg = Debug|Any CPU
		{1A22050C-4803-41AB-A6E4-1393CE14D806}.Debug|Any CPU.Build.0 = Debug|Any CPU
		{1A22050C-4803-41AB-A6E4-1393CE14D806}.Release|Any CPU.ActiveCfg = Release|Any CPU
		{1A22050C-4803-41AB-A6E4-1393CE14D806}.Release|Any CPU.Build.0 = Release|Any CPU
		{9D6435BD-90C8-4AC3-84BC-B0F10A1E6642}.Debug|Any CPU.ActiveCfg = Debug|Any CPU
		{9D6435BD-90C8-4AC3-84BC-B0F10A1E6642}.Debug|Any CPU.Build.0 = Debug|Any CPU
		{9D6435BD-90C8-4AC3-84BC-B0F10A1E6642}.Release|Any CPU.ActiveCfg = Release|Any CPU
		{9D6435BD-90C8-4AC3-84BC-B0F10A1E6642}.Release|Any CPU.Build.0 = Release|Any CPU
		{C771081E-A563-4404-8B57-105B0CA6646B}.Debug|Any CPU.ActiveCfg = Debug|Any CPU
		{C771081E-A563-4404-8B57-105B0CA6646B}.Debug|Any CPU.Build.0 = Debug|Any CPU
		{C771081E-A563-4404-8B57-105B0CA6646B}.Release|Any CPU.ActiveCfg = Release|Any CPU
		{C771081E-A563-4404-8B57-105B0CA6646B}.Release|Any CPU.Build.0 = Release|Any CPU
		{62274DB2-8ABD-4513-8EEB-8D8FA70FC49E}.Debug|Any CPU.ActiveCfg = Debug|Any CPU
		{62274DB2-8ABD-4513-8EEB-8D8FA70FC49E}.Debug|Any CPU.Build.0 = Debug|Any CPU
		{62274DB2-8ABD-4513-8EEB-8D8FA70FC49E}.Release|Any CPU.ActiveCfg = Release|Any CPU
		{62274DB2-8ABD-4513-8EEB-8D8FA70FC49E}.Release|Any CPU.Build.0 = Release|Any CPU
		{95EAAC70-B54C-4579-84F6-E64F322A7182}.Debug|Any CPU.ActiveCfg = Debug|Any CPU
		{95EAAC70-B54C-4579-84F6-E64F322A7182}.Debug|Any CPU.Build.0 = Debug|Any CPU
		{95EAAC70-B54C-4579-84F6-E64F322A7182}.Release|Any CPU.ActiveCfg = Release|Any CPU
		{95EAAC70-B54C-4579-84F6-E64F322A7182}.Release|Any CPU.Build.0 = Release|Any CPU
		{1FF9EF01-11FC-4CD8-8383-8804F54E5A8A}.Debug|Any CPU.ActiveCfg = Debug|Any CPU
		{1FF9EF01-11FC-4CD8-8383-8804F54E5A8A}.Debug|Any CPU.Build.0 = Debug|Any CPU
		{1FF9EF01-11FC-4CD8-8383-8804F54E5A8A}.Release|Any CPU.ActiveCfg = Release|Any CPU
		{1FF9EF01-11FC-4CD8-8383-8804F54E5A8A}.Release|Any CPU.Build.0 = Release|Any CPU
		{76E18C1B-E874-4A78-97A4-5426F0B359F4}.Debug|Any CPU.ActiveCfg = Debug|Any CPU
		{76E18C1B-E874-4A78-97A4-5426F0B359F4}.Debug|Any CPU.Build.0 = Debug|Any CPU
		{76E18C1B-E874-4A78-97A4-5426F0B359F4}.Release|Any CPU.ActiveCfg = Release|Any CPU
		{76E18C1B-E874-4A78-97A4-5426F0B359F4}.Release|Any CPU.Build.0 = Release|Any CPU
		{C74EBBA3-DB08-423F-B65B-1A62B8563647}.Debug|Any CPU.ActiveCfg = Debug|Any CPU
		{C74EBBA3-DB08-423F-B65B-1A62B8563647}.Debug|Any CPU.Build.0 = Debug|Any CPU
		{C74EBBA3-DB08-423F-B65B-1A62B8563647}.Release|Any CPU.ActiveCfg = Release|Any CPU
		{C74EBBA3-DB08-423F-B65B-1A62B8563647}.Release|Any CPU.Build.0 = Release|Any CPU
		{AAB4EA0F-353D-4587-9826-CE5F0ABDF030}.Debug|Any CPU.ActiveCfg = Debug|Any CPU
		{AAB4EA0F-353D-4587-9826-CE5F0ABDF030}.Debug|Any CPU.Build.0 = Debug|Any CPU
		{AAB4EA0F-353D-4587-9826-CE5F0ABDF030}.Release|Any CPU.ActiveCfg = Release|Any CPU
		{AAB4EA0F-353D-4587-9826-CE5F0ABDF030}.Release|Any CPU.Build.0 = Release|Any CPU
		{CDB19880-E5E3-470E-BE49-F0AC1F944505}.Debug|Any CPU.ActiveCfg = Debug|Any CPU
		{CDB19880-E5E3-470E-BE49-F0AC1F944505}.Debug|Any CPU.Build.0 = Debug|Any CPU
		{CDB19880-E5E3-470E-BE49-F0AC1F944505}.Release|Any CPU.ActiveCfg = Release|Any CPU
		{CDB19880-E5E3-470E-BE49-F0AC1F944505}.Release|Any CPU.Build.0 = Release|Any CPU
		{793E45D7-1882-40EF-BDC3-84C5DCEF7C7E}.Debug|Any CPU.ActiveCfg = Debug|Any CPU
		{793E45D7-1882-40EF-BDC3-84C5DCEF7C7E}.Debug|Any CPU.Build.0 = Debug|Any CPU
		{793E45D7-1882-40EF-BDC3-84C5DCEF7C7E}.Release|Any CPU.ActiveCfg = Release|Any CPU
		{793E45D7-1882-40EF-BDC3-84C5DCEF7C7E}.Release|Any CPU.Build.0 = Release|Any CPU
		{4FAFE756-992B-4D92-9DA6-926F2BAF398B}.Debug|Any CPU.ActiveCfg = Debug|Any CPU
		{4FAFE756-992B-4D92-9DA6-926F2BAF398B}.Debug|Any CPU.Build.0 = Debug|Any CPU
		{4FAFE756-992B-4D92-9DA6-926F2BAF398B}.Release|Any CPU.ActiveCfg = Release|Any CPU
		{4FAFE756-992B-4D92-9DA6-926F2BAF398B}.Release|Any CPU.Build.0 = Release|Any CPU
		{39E8FE51-0BB8-4B5B-8984-C207704FE8A3}.Debug|Any CPU.ActiveCfg = Debug|Any CPU
		{39E8FE51-0BB8-4B5B-8984-C207704FE8A3}.Debug|Any CPU.Build.0 = Debug|Any CPU
		{39E8FE51-0BB8-4B5B-8984-C207704FE8A3}.Release|Any CPU.ActiveCfg = Release|Any CPU
		{39E8FE51-0BB8-4B5B-8984-C207704FE8A3}.Release|Any CPU.Build.0 = Release|Any CPU
		{A110684A-BB6A-49F6-B034-5EB923BB293D}.Debug|Any CPU.ActiveCfg = Debug|Any CPU
		{A110684A-BB6A-49F6-B034-5EB923BB293D}.Debug|Any CPU.Build.0 = Debug|Any CPU
		{A110684A-BB6A-49F6-B034-5EB923BB293D}.Release|Any CPU.ActiveCfg = Release|Any CPU
		{A110684A-BB6A-49F6-B034-5EB923BB293D}.Release|Any CPU.Build.0 = Release|Any CPU
		{B89A6480-A6DA-4956-A146-B162397834A5}.Debug|Any CPU.ActiveCfg = Debug|Any CPU
		{B89A6480-A6DA-4956-A146-B162397834A5}.Debug|Any CPU.Build.0 = Debug|Any CPU
		{B89A6480-A6DA-4956-A146-B162397834A5}.Release|Any CPU.ActiveCfg = Release|Any CPU
		{B89A6480-A6DA-4956-A146-B162397834A5}.Release|Any CPU.Build.0 = Release|Any CPU
		{0E713954-30F3-4C85-98B8-5D916570FE21}.Debug|Any CPU.ActiveCfg = Debug|Any CPU
		{0E713954-30F3-4C85-98B8-5D916570FE21}.Debug|Any CPU.Build.0 = Debug|Any CPU
		{0E713954-30F3-4C85-98B8-5D916570FE21}.Release|Any CPU.ActiveCfg = Release|Any CPU
		{0E713954-30F3-4C85-98B8-5D916570FE21}.Release|Any CPU.Build.0 = Release|Any CPU
		{2AE4BFA8-0786-4AE9-AFE8-247C7EC07019}.Debug|Any CPU.ActiveCfg = Debug|Any CPU
		{2AE4BFA8-0786-4AE9-AFE8-247C7EC07019}.Debug|Any CPU.Build.0 = Debug|Any CPU
		{2AE4BFA8-0786-4AE9-AFE8-247C7EC07019}.Release|Any CPU.ActiveCfg = Release|Any CPU
		{2AE4BFA8-0786-4AE9-AFE8-247C7EC07019}.Release|Any CPU.Build.0 = Release|Any CPU
		{01A97850-6AFE-470B-8305-8BB01778E48D}.Debug|Any CPU.ActiveCfg = Debug|Any CPU
		{01A97850-6AFE-470B-8305-8BB01778E48D}.Debug|Any CPU.Build.0 = Debug|Any CPU
		{01A97850-6AFE-470B-8305-8BB01778E48D}.Release|Any CPU.ActiveCfg = Release|Any CPU
		{01A97850-6AFE-470B-8305-8BB01778E48D}.Release|Any CPU.Build.0 = Release|Any CPU
		{B6635966-DBFE-44DD-9128-1EC605CB91FF}.Debug|Any CPU.ActiveCfg = Debug|Any CPU
		{B6635966-DBFE-44DD-9128-1EC605CB91FF}.Debug|Any CPU.Build.0 = Debug|Any CPU
		{B6635966-DBFE-44DD-9128-1EC605CB91FF}.Release|Any CPU.ActiveCfg = Release|Any CPU
		{B6635966-DBFE-44DD-9128-1EC605CB91FF}.Release|Any CPU.Build.0 = Release|Any CPU
		{C1D4DFAC-40DD-4758-8CEF-5F94A37DE28F}.Debug|Any CPU.ActiveCfg = Debug|Any CPU
		{C1D4DFAC-40DD-4758-8CEF-5F94A37DE28F}.Debug|Any CPU.Build.0 = Debug|Any CPU
		{C1D4DFAC-40DD-4758-8CEF-5F94A37DE28F}.Release|Any CPU.ActiveCfg = Release|Any CPU
		{C1D4DFAC-40DD-4758-8CEF-5F94A37DE28F}.Release|Any CPU.Build.0 = Release|Any CPU
		{C398D9D9-E32E-49D0-B1F9-9670F53A153A}.Debug|Any CPU.ActiveCfg = Debug|Any CPU
		{C398D9D9-E32E-49D0-B1F9-9670F53A153A}.Debug|Any CPU.Build.0 = Debug|Any CPU
		{C398D9D9-E32E-49D0-B1F9-9670F53A153A}.Release|Any CPU.ActiveCfg = Release|Any CPU
		{C398D9D9-E32E-49D0-B1F9-9670F53A153A}.Release|Any CPU.Build.0 = Release|Any CPU
		{CF8B809F-6C61-416A-AF07-D20EA1C2E188}.Debug|Any CPU.ActiveCfg = Debug|Any CPU
		{CF8B809F-6C61-416A-AF07-D20EA1C2E188}.Debug|Any CPU.Build.0 = Debug|Any CPU
		{CF8B809F-6C61-416A-AF07-D20EA1C2E188}.Release|Any CPU.ActiveCfg = Release|Any CPU
		{CF8B809F-6C61-416A-AF07-D20EA1C2E188}.Release|Any CPU.Build.0 = Release|Any CPU
		{CAD47AF5-C0A9-4A35-B288-2EF1A864FCBF}.Debug|Any CPU.ActiveCfg = Debug|Any CPU
		{CAD47AF5-C0A9-4A35-B288-2EF1A864FCBF}.Debug|Any CPU.Build.0 = Debug|Any CPU
		{CAD47AF5-C0A9-4A35-B288-2EF1A864FCBF}.Release|Any CPU.ActiveCfg = Release|Any CPU
		{CAD47AF5-C0A9-4A35-B288-2EF1A864FCBF}.Release|Any CPU.Build.0 = Release|Any CPU
		{38822CFC-140D-4B45-B24B-095520B3394E}.Debug|Any CPU.ActiveCfg = Debug|Any CPU
		{38822CFC-140D-4B45-B24B-095520B3394E}.Debug|Any CPU.Build.0 = Debug|Any CPU
		{38822CFC-140D-4B45-B24B-095520B3394E}.Release|Any CPU.ActiveCfg = Release|Any CPU
		{38822CFC-140D-4B45-B24B-095520B3394E}.Release|Any CPU.Build.0 = Release|Any CPU
		{C671E906-DC52-4A2D-A855-E797252B961E}.Debug|Any CPU.ActiveCfg = Debug|Any CPU
		{C671E906-DC52-4A2D-A855-E797252B961E}.Debug|Any CPU.Build.0 = Debug|Any CPU
		{C671E906-DC52-4A2D-A855-E797252B961E}.Release|Any CPU.ActiveCfg = Release|Any CPU
		{C671E906-DC52-4A2D-A855-E797252B961E}.Release|Any CPU.Build.0 = Release|Any CPU
		{3B794646-89BF-4FA9-BB37-322C06E23243}.Debug|Any CPU.ActiveCfg = Debug|Any CPU
		{3B794646-89BF-4FA9-BB37-322C06E23243}.Debug|Any CPU.Build.0 = Debug|Any CPU
		{3B794646-89BF-4FA9-BB37-322C06E23243}.Release|Any CPU.ActiveCfg = Release|Any CPU
		{3B794646-89BF-4FA9-BB37-322C06E23243}.Release|Any CPU.Build.0 = Release|Any CPU
		{899007B6-232F-4861-9846-8F36228BCB92}.Debug|Any CPU.ActiveCfg = Debug|Any CPU
		{899007B6-232F-4861-9846-8F36228BCB92}.Debug|Any CPU.Build.0 = Debug|Any CPU
		{899007B6-232F-4861-9846-8F36228BCB92}.Release|Any CPU.ActiveCfg = Release|Any CPU
		{899007B6-232F-4861-9846-8F36228BCB92}.Release|Any CPU.Build.0 = Release|Any CPU
		{E5519E1D-D117-4361-B12E-539EB30BB1ED}.Debug|Any CPU.ActiveCfg = Debug|Any CPU
		{E5519E1D-D117-4361-B12E-539EB30BB1ED}.Debug|Any CPU.Build.0 = Debug|Any CPU
		{E5519E1D-D117-4361-B12E-539EB30BB1ED}.Release|Any CPU.ActiveCfg = Release|Any CPU
		{E5519E1D-D117-4361-B12E-539EB30BB1ED}.Release|Any CPU.Build.0 = Release|Any CPU
		{627EC069-3049-4B2C-940F-6B3F588440D5}.Debug|Any CPU.ActiveCfg = Debug|Any CPU
		{627EC069-3049-4B2C-940F-6B3F588440D5}.Debug|Any CPU.Build.0 = Debug|Any CPU
		{627EC069-3049-4B2C-940F-6B3F588440D5}.Release|Any CPU.ActiveCfg = Release|Any CPU
		{627EC069-3049-4B2C-940F-6B3F588440D5}.Release|Any CPU.Build.0 = Release|Any CPU
		{89F48854-14A7-46B8-84AD-9F3EE915D6C9}.Debug|Any CPU.ActiveCfg = Debug|Any CPU
		{89F48854-14A7-46B8-84AD-9F3EE915D6C9}.Debug|Any CPU.Build.0 = Debug|Any CPU
		{89F48854-14A7-46B8-84AD-9F3EE915D6C9}.Release|Any CPU.ActiveCfg = Release|Any CPU
		{89F48854-14A7-46B8-84AD-9F3EE915D6C9}.Release|Any CPU.Build.0 = Release|Any CPU
		{575B2348-A92F-4350-B0DC-BD3E4CF832BC}.Debug|Any CPU.ActiveCfg = Debug|Any CPU
		{575B2348-A92F-4350-B0DC-BD3E4CF832BC}.Debug|Any CPU.Build.0 = Debug|Any CPU
		{575B2348-A92F-4350-B0DC-BD3E4CF832BC}.Release|Any CPU.ActiveCfg = Release|Any CPU
		{575B2348-A92F-4350-B0DC-BD3E4CF832BC}.Release|Any CPU.Build.0 = Release|Any CPU
	EndGlobalSection
	GlobalSection(SolutionProperties) = preSolution
		HideSolutionNode = FALSE
	EndGlobalSection
	GlobalSection(NestedProjects) = preSolution
		{6D98D446-5A28-45F4-B385-36CCC6A65051} = {E69071DD-4007-4333-950E-0988517E5426}
		{D6572466-23D6-4C87-B36E-D44FB10BB072} = {E69071DD-4007-4333-950E-0988517E5426}
		{E7F60B77-472E-4234-ACC1-B53E7868D781} = {E5F3CC01-5760-4682-AF18-8216DEAE5024}
		{67C4F42A-9CE1-4D51-B3E7-C588816BD4F8} = {3F10F403-8B8F-4995-A41C-BDB3B2A14742}
		{15F97349-A8F6-478F-9968-17CBB071E5A7} = {E5F3CC01-5760-4682-AF18-8216DEAE5024}
		{B371F7A3-BA85-4323-B697-02DFD6A31C81} = {E5F3CC01-5760-4682-AF18-8216DEAE5024}
		{A4F96E71-1F65-4D0F-84D8-D5574074E06B} = {E5F3CC01-5760-4682-AF18-8216DEAE5024}
		{03CBB245-A3D2-4194-963D-F072F00C33B7} = {E5F3CC01-5760-4682-AF18-8216DEAE5024}
		{1A22050C-4803-41AB-A6E4-1393CE14D806} = {E5F3CC01-5760-4682-AF18-8216DEAE5024}
		{9D6435BD-90C8-4AC3-84BC-B0F10A1E6642} = {E5F3CC01-5760-4682-AF18-8216DEAE5024}
		{C771081E-A563-4404-8B57-105B0CA6646B} = {E5F3CC01-5760-4682-AF18-8216DEAE5024}
		{62274DB2-8ABD-4513-8EEB-8D8FA70FC49E} = {E5F3CC01-5760-4682-AF18-8216DEAE5024}
		{95EAAC70-B54C-4579-84F6-E64F322A7182} = {E5F3CC01-5760-4682-AF18-8216DEAE5024}
		{1FF9EF01-11FC-4CD8-8383-8804F54E5A8A} = {E5F3CC01-5760-4682-AF18-8216DEAE5024}
		{76E18C1B-E874-4A78-97A4-5426F0B359F4} = {E5F3CC01-5760-4682-AF18-8216DEAE5024}
		{C74EBBA3-DB08-423F-B65B-1A62B8563647} = {E5F3CC01-5760-4682-AF18-8216DEAE5024}
		{AAB4EA0F-353D-4587-9826-CE5F0ABDF030} = {E5F3CC01-5760-4682-AF18-8216DEAE5024}
		{CDB19880-E5E3-470E-BE49-F0AC1F944505} = {E5F3CC01-5760-4682-AF18-8216DEAE5024}
		{793E45D7-1882-40EF-BDC3-84C5DCEF7C7E} = {E5F3CC01-5760-4682-AF18-8216DEAE5024}
		{4FAFE756-992B-4D92-9DA6-926F2BAF398B} = {E5F3CC01-5760-4682-AF18-8216DEAE5024}
		{E5F3CC01-5760-4682-AF18-8216DEAE5024} = {E69071DD-4007-4333-950E-0988517E5426}
		{28615E63-2AF5-4326-ACD3-6F3FB6B92338} = {E69071DD-4007-4333-950E-0988517E5426}
		{39E8FE51-0BB8-4B5B-8984-C207704FE8A3} = {6D98D446-5A28-45F4-B385-36CCC6A65051}
		{A110684A-BB6A-49F6-B034-5EB923BB293D} = {6D98D446-5A28-45F4-B385-36CCC6A65051}
		{B89A6480-A6DA-4956-A146-B162397834A5} = {D6572466-23D6-4C87-B36E-D44FB10BB072}
		{0E713954-30F3-4C85-98B8-5D916570FE21} = {E5F3CC01-5760-4682-AF18-8216DEAE5024}
		{2AE4BFA8-0786-4AE9-AFE8-247C7EC07019} = {28615E63-2AF5-4326-ACD3-6F3FB6B92338}
		{01A97850-6AFE-470B-8305-8BB01778E48D} = {E69071DD-4007-4333-950E-0988517E5426}
		{B6635966-DBFE-44DD-9128-1EC605CB91FF} = {E69071DD-4007-4333-950E-0988517E5426}
		{C1D4DFAC-40DD-4758-8CEF-5F94A37DE28F} = {E69071DD-4007-4333-950E-0988517E5426}
		{C398D9D9-E32E-49D0-B1F9-9670F53A153A} = {E69071DD-4007-4333-950E-0988517E5426}
		{CF8B809F-6C61-416A-AF07-D20EA1C2E188} = {67C4F42A-9CE1-4D51-B3E7-C588816BD4F8}
		{CAD47AF5-C0A9-4A35-B288-2EF1A864FCBF} = {67C4F42A-9CE1-4D51-B3E7-C588816BD4F8}
		{38822CFC-140D-4B45-B24B-095520B3394E} = {67C4F42A-9CE1-4D51-B3E7-C588816BD4F8}
		{C671E906-DC52-4A2D-A855-E797252B961E} = {67C4F42A-9CE1-4D51-B3E7-C588816BD4F8}
		{3B794646-89BF-4FA9-BB37-322C06E23243} = {2B491E49-D3B7-45EA-BA78-E35F0AE74188}
		{899007B6-232F-4861-9846-8F36228BCB92} = {4BC2BB6B-6D37-44D2-A541-122567A25876}
		{E5519E1D-D117-4361-B12E-539EB30BB1ED} = {A2E898A8-D676-4552-A03A-03CC27C0ECDC}
		{627EC069-3049-4B2C-940F-6B3F588440D5} = {A2E898A8-D676-4552-A03A-03CC27C0ECDC}
		{718359AC-9A27-4416-A8F0-33D3CEEAB426} = {E69071DD-4007-4333-950E-0988517E5426}
		{89F48854-14A7-46B8-84AD-9F3EE915D6C9} = {718359AC-9A27-4416-A8F0-33D3CEEAB426}
		{575B2348-A92F-4350-B0DC-BD3E4CF832BC} = {E5F3CC01-5760-4682-AF18-8216DEAE5024}
	EndGlobalSection
	GlobalSection(ExtensibilityGlobals) = postSolution
		SolutionGuid = {D95F7CB4-F4B5-45C1-9004-B60F8C5673FA}
	EndGlobalSection
EndGlobal
